
Microsoft Visual Studio Solution File, Format Version 12.00
# Visual Studio Version 17
VisualStudioVersion = 17.0.31903.59
MinimumVisualStudioVersion = 10.0.40219.1
Project("{FAE04EC0-301F-11D3-BF4B-00C04F79EFBC}") = "MyMath", "MyMath\MyMath.csproj", "{C9D007BF-94DD-4058-BD59-1B6DC1D5082B}"
EndProject
Project("{FAE04EC0-301F-11D3-BF4B-00C04F79EFBC}") = "MyMath.Tests", "MyMath.Tests\MyMath.Tests.csproj", "{57987CC5-183D-44BE-BB77-7E9DF3787207}"
EndProject
Global
	GlobalSection(SolutionConfigurationPlatforms) = preSolution
		Debug|Any CPU = Debug|Any CPU
		Release|Any CPU = Release|Any CPU
	EndGlobalSection
	GlobalSection(SolutionProperties) = preSolution
		HideSolutionNode = FALSE
	EndGlobalSection
	GlobalSection(ProjectConfigurationPlatforms) = postSolution
		{C9D007BF-94DD-4058-BD59-1B6DC1D5082B}.Debug|Any CPU.ActiveCfg = Debug|Any CPU
		{C9D007BF-94DD-4058-BD59-1B6DC1D5082B}.Debug|Any CPU.Build.0 = Debug|Any CPU
		{C9D007BF-94DD-4058-BD59-1B6DC1D5082B}.Release|Any CPU.ActiveCfg = Release|Any CPU
		{C9D007BF-94DD-4058-BD59-1B6DC1D5082B}.Release|Any CPU.Build.0 = Release|Any CPU
		{57987CC5-183D-44BE-BB77-7E9DF3787207}.Debug|Any CPU.ActiveCfg = Debug|Any CPU
		{57987CC5-183D-44BE-BB77-7E9DF3787207}.Debug|Any CPU.Build.0 = Debug|Any CPU
		{57987CC5-183D-44BE-BB77-7E9DF3787207}.Release|Any CPU.ActiveCfg = Release|Any CPU
		{57987CC5-183D-44BE-BB77-7E9DF3787207}.Release|Any CPU.Build.0 = Release|Any CPU
	EndGlobalSection
EndGlobal
