
Microsoft Visual Studio Solution File, Format Version 12.00
# Visual Studio Version 17
VisualStudioVersion = 17.0.31903.59
MinimumVisualStudioVersion = 10.0.40219.1
Project("{FAE04EC0-301F-11D3-BF4B-00C04F79EFBC}") = "MyMath", "MyMath\MyMath.csproj", "{1B427657-8FBB-4F61-B646-3CEBB1C7C5F7}"
EndProject
Project("{FAE04EC0-301F-11D3-BF4B-00C04F79EFBC}") = "MyMath.Tests", "MyMath.Tests\MyMath.Tests.csproj", "{CC1196C2-EF92-41CF-A521-082F8131A531}"
EndProject
Global
	GlobalSection(SolutionConfigurationPlatforms) = preSolution
		Debug|Any CPU = Debug|Any CPU
		Release|Any CPU = Release|Any CPU
	EndGlobalSection
	GlobalSection(SolutionProperties) = preSolution
		HideSolutionNode = FALSE
	EndGlobalSection
	GlobalSection(ProjectConfigurationPlatforms) = postSolution
		{1B427657-8FBB-4F61-B646-3CEBB1C7C5F7}.Debug|Any CPU.ActiveCfg = Debug|Any CPU
		{1B427657-8FBB-4F61-B646-3CEBB1C7C5F7}.Debug|Any CPU.Build.0 = Debug|Any CPU
		{1B427657-8FBB-4F61-B646-3CEBB1C7C5F7}.Release|Any CPU.ActiveCfg = Release|Any CPU
		{1B427657-8FBB-4F61-B646-3CEBB1C7C5F7}.Release|Any CPU.Build.0 = Release|Any CPU
		{CC1196C2-EF92-41CF-A521-082F8131A531}.Debug|Any CPU.ActiveCfg = Debug|Any CPU
		{CC1196C2-EF92-41CF-A521-082F8131A531}.Debug|Any CPU.Build.0 = Debug|Any CPU
		{CC1196C2-EF92-41CF-A521-082F8131A531}.Release|Any CPU.ActiveCfg = Release|Any CPU
		{CC1196C2-EF92-41CF-A521-082F8131A531}.Release|Any CPU.Build.0 = Release|Any CPU
	EndGlobalSection
EndGlobal
